
Microsoft Visual Studio Solution File, Format Version 12.00
# Visual Studio Version 17
VisualStudioVersion = 17.8.34330.188
MinimumVisualStudioVersion = 10.0.40219.1
Project("{FAE04EC0-301F-11D3-BF4B-00C04F79EFBC}") = "DemoCookieAuthSystem", "DemoCookieAuthSystem\DemoCookieAuthSystem.csproj", "{D12FA898-059D-42CA-82A6-75D10E7BB247}"
EndProject
Global
	GlobalSection(SolutionConfigurationPlatforms) = preSolution
		Debug|Any CPU = Debug|Any CPU
		Release|Any CPU = Release|Any CPU
	EndGlobalSection
	GlobalSection(ProjectConfigurationPlatforms) = postSolution
		{D12FA898-059D-42CA-82A6-75D10E7BB247}.Debug|Any CPU.ActiveCfg = Debug|Any CPU
		{D12FA898-059D-42CA-82A6-75D10E7BB247}.Debug|Any CPU.Build.0 = Debug|Any CPU
		{D12FA898-059D-42CA-82A6-75D10E7BB247}.Release|Any CPU.ActiveCfg = Release|Any CPU
		{D12FA898-059D-42CA-82A6-75D10E7BB247}.Release|Any CPU.Build.0 = Release|Any CPU
	EndGlobalSection
	GlobalSection(SolutionProperties) = preSolution
		HideSolutionNode = FALSE
	EndGlobalSection
	GlobalSection(ExtensibilityGlobals) = postSolution
		SolutionGuid = {74320BB3-0837-4366-84A5-BF27343EBFEF}
	EndGlobalSection
EndGlobal
